{
    "_readme": [
        "This file locks the dependencies of your project to a known state",
        "Read more about it at https://getcomposer.org/doc/01-basic-usage.md#installing-dependencies",
        "This file is @generated automatically"
    ],
    "content-hash": "6b9de453af08842bdc355c9cf29c4f25",
    "packages": [
        {
            "name": "tinymce/tinymce",
            "version": "6.4.0",
            "source": {
                "type": "git",
                "url": "https://github.com/tinymce/tinymce-dist.git",
                "reference": "488a05ddf56e844e593a3fb7da68aa5fb41f01ac"
            },
            "dist": {
                "type": "zip",
                "url": "https://api.github.com/repos/tinymce/tinymce-dist/zipball/488a05ddf56e844e593a3fb7da68aa5fb41f01ac",
                "reference": "488a05ddf56e844e593a3fb7da68aa5fb41f01ac",
                "shasum": ""
            },
            "type": "component",
            "extra": {
                "component": {
                    "scripts": [
                        "tinymce.js",
                        "plugins/*/plugin.js",
                        "themes/*/theme.js",
                        "models/*/model.js",
                        "icons/*/icons.js"
                    ],
                    "files": [
                        "tinymce.min.js",
                        "plugins/*/plugin.min.js",
                        "themes/*/theme.min.js",
                        "models/*/model.min.js",
                        "skins/**",
                        "icons/*/icons.min.js"
                    ]
                }
            },
            "notification-url": "https://packagist.org/downloads/",
            "license": [
                "MIT-only"
            ],
            "description": "Web based JavaScript HTML WYSIWYG editor control.",
            "homepage": "https://www.tiny.cloud/",
            "keywords": [
                "contenteditable",
                "editing",
                "html",
                "javascript",
                "rich editor",
                "rich text",
                "rich text editor",
                "richtext",
                "rte",
                "text",
                "tinymce",
                "wysiwyg"
            ],
            "support": {
                "source": "https://github.com/tinymce/tinymce-dist/tree/6.4.0"
            },
            "time": "2023-03-16T00:43:05+00:00"
        },
        {
            "name": "twbs/bootstrap",
            "version": "v5.3.0-alpha1",
            "source": {
                "type": "git",
                "url": "https://github.com/twbs/bootstrap.git",
                "reference": "cf9454caa00872899215603e5e036d9a824b1b11"
            },
            "dist": {
                "type": "zip",
                "url": "https://api.github.com/repos/twbs/bootstrap/zipball/cf9454caa00872899215603e5e036d9a824b1b11",
                "reference": "cf9454caa00872899215603e5e036d9a824b1b11",
                "shasum": ""
            },
            "replace": {
                "twitter/bootstrap": "self.version"
            },
            "type": "library",
            "notification-url": "https://packagist.org/downloads/",
            "license": [
                "MIT"
            ],
            "authors": [
                {
                    "name": "Mark Otto",
                    "email": "markdotto@gmail.com"
                },
                {
                    "name": "Jacob Thornton",
                    "email": "jacobthornton@gmail.com"
                }
            ],
            "description": "The most popular front-end framework for developing responsive, mobile first projects on the web.",
            "homepage": "https://getbootstrap.com/",
            "keywords": [
                "JS",
                "css",
                "framework",
                "front-end",
                "mobile-first",
                "responsive",
                "sass",
                "web"
            ],
            "support": {
                "issues": "https://github.com/twbs/bootstrap/issues",
                "source": "https://github.com/twbs/bootstrap/tree/v5.3.0-alpha1"
            },
            "time": "2022-12-24T16:37:22+00:00"
        },
        {
            "name": "violamarchesini/violabootstrap",
            "version": "dev-main",
            "dist": {
                "type": "path",
                "url": "custom_libraries/violabootstrap",
                "reference": "1af8241b563d4c282fadc66cfd249a1e8d020263"
            },
            "type": "library",
            "autoload": {
                "psr-4": {
                    "Violamarchesini\\Violabootstrap\\": "src/"
                }
            },
            "license": [
                "MIT"
            ],
            "authors": [
                {
                    "name": "Alex Niccolò Ferrari; Angelo Pavan; Giovanni Marchetto",
                    "homepage": "https://github.com/PaninoCode",
                    "role": "Developer"
                }
            ],
            "description": "Bootstrap personalizzato dagli studenti del Viola Marchesini",
            "transport-options": {
                "relative": true
            }
        }
    ],
    "packages-dev": [],
    "aliases": [],
    "minimum-stability": "stable",
    "stability-flags": {
        "twbs/bootstrap": 15,
        "violamarchesini/violabootstrap": 20
    },
    "prefer-stable": false,
    "prefer-lowest": false,
    "platform": [],
    "platform-dev": [],
    "plugin-api-version": "2.3.0"
}
